
Microsoft Visual Studio Solution File, Format Version 12.00
# Visual Studio Version 17
VisualStudioVersion = 17.5.33414.496
MinimumVisualStudioVersion = 10.0.40219.1
Project("{FAE04EC0-301F-11D3-BF4B-00C04F79EFBC}") = "A2", "A2\A2.csproj", "{FD8B3467-28C3-45F5-86F1-FB3649F72975}"
EndProject
Global
	GlobalSection(SolutionConfigurationPlatforms) = preSolution
		Debug|Any CPU = Debug|Any CPU
		Release|Any CPU = Release|Any CPU
	EndGlobalSection
	GlobalSection(ProjectConfigurationPlatforms) = postSolution
		{FD8B3467-28C3-45F5-86F1-FB3649F72975}.Debug|Any CPU.ActiveCfg = Debug|Any CPU
		{FD8B3467-28C3-45F5-86F1-FB3649F72975}.Debug|Any CPU.Build.0 = Debug|Any CPU
		{FD8B3467-28C3-45F5-86F1-FB3649F72975}.Release|Any CPU.ActiveCfg = Release|Any CPU
		{FD8B3467-28C3-45F5-86F1-FB3649F72975}.Release|Any CPU.Build.0 = Release|Any CPU
	EndGlobalSection
	GlobalSection(SolutionProperties) = preSolution
		HideSolutionNode = FALSE
	EndGlobalSection
	GlobalSection(ExtensibilityGlobals) = postSolution
		SolutionGuid = {F3A807FD-0280-4DB2-AF30-D22EE7ECA1D2}
	EndGlobalSection
EndGlobal
