
Microsoft Visual Studio Solution File, Format Version 12.00
# Visual Studio Version 17
VisualStudioVersion = 17.5.33414.496
MinimumVisualStudioVersion = 10.0.40219.1
Project("{FAE04EC0-301F-11D3-BF4B-00C04F79EFBC}") = "A1", "A1\A1.csproj", "{D49C8950-5140-4D41-BA93-51E2650EF643}"
EndProject
Global
	GlobalSection(SolutionConfigurationPlatforms) = preSolution
		Debug|Any CPU = Debug|Any CPU
		Release|Any CPU = Release|Any CPU
	EndGlobalSection
	GlobalSection(ProjectConfigurationPlatforms) = postSolution
		{D49C8950-5140-4D41-BA93-51E2650EF643}.Debug|Any CPU.ActiveCfg = Debug|Any CPU
		{D49C8950-5140-4D41-BA93-51E2650EF643}.Debug|Any CPU.Build.0 = Debug|Any CPU
		{D49C8950-5140-4D41-BA93-51E2650EF643}.Release|Any CPU.ActiveCfg = Release|Any CPU
		{D49C8950-5140-4D41-BA93-51E2650EF643}.Release|Any CPU.Build.0 = Release|Any CPU
	EndGlobalSection
	GlobalSection(SolutionProperties) = preSolution
		HideSolutionNode = FALSE
	EndGlobalSection
	GlobalSection(ExtensibilityGlobals) = postSolution
		SolutionGuid = {CC121B08-EDB7-41B2-A3E2-9713E54F76C4}
	EndGlobalSection
EndGlobal
