
Microsoft Visual Studio Solution File, Format Version 12.00
# Visual Studio Version 17
VisualStudioVersion = 17.5.33414.496
MinimumVisualStudioVersion = 10.0.40219.1
Project("{FAE04EC0-301F-11D3-BF4B-00C04F79EFBC}") = "Lab1", "Lab1.csproj", "{ED64A360-2931-4D3A-BA1F-3155B51AB1CC}"
EndProject
Global
	GlobalSection(SolutionConfigurationPlatforms) = preSolution
		Debug|Any CPU = Debug|Any CPU
		Release|Any CPU = Release|Any CPU
	EndGlobalSection
	GlobalSection(ProjectConfigurationPlatforms) = postSolution
		{ED64A360-2931-4D3A-BA1F-3155B51AB1CC}.Debug|Any CPU.ActiveCfg = Debug|Any CPU
		{ED64A360-2931-4D3A-BA1F-3155B51AB1CC}.Debug|Any CPU.Build.0 = Debug|Any CPU
		{ED64A360-2931-4D3A-BA1F-3155B51AB1CC}.Release|Any CPU.ActiveCfg = Release|Any CPU
		{ED64A360-2931-4D3A-BA1F-3155B51AB1CC}.Release|Any CPU.Build.0 = Release|Any CPU
	EndGlobalSection
	GlobalSection(SolutionProperties) = preSolution
		HideSolutionNode = FALSE
	EndGlobalSection
	GlobalSection(ExtensibilityGlobals) = postSolution
		SolutionGuid = {C011CE76-C70C-4688-B0EF-AAACE531A1FC}
	EndGlobalSection
EndGlobal
