
Microsoft Visual Studio Solution File, Format Version 12.00
# Visual Studio Version 17
VisualStudioVersion = 17.5.33414.496
MinimumVisualStudioVersion = 10.0.40219.1
Project("{FAE04EC0-301F-11D3-BF4B-00C04F79EFBC}") = "SolutionPractic2023-923", "SolutionPractic2023-923.csproj", "{EEA03E63-8358-43C9-A70C-F788C02ED1F4}"
EndProject
Global
	GlobalSection(SolutionConfigurationPlatforms) = preSolution
		Debug|Any CPU = Debug|Any CPU
		Release|Any CPU = Release|Any CPU
	EndGlobalSection
	GlobalSection(ProjectConfigurationPlatforms) = postSolution
		{EEA03E63-8358-43C9-A70C-F788C02ED1F4}.Debug|Any CPU.ActiveCfg = Debug|Any CPU
		{EEA03E63-8358-43C9-A70C-F788C02ED1F4}.Debug|Any CPU.Build.0 = Debug|Any CPU
		{EEA03E63-8358-43C9-A70C-F788C02ED1F4}.Release|Any CPU.ActiveCfg = Release|Any CPU
		{EEA03E63-8358-43C9-A70C-F788C02ED1F4}.Release|Any CPU.Build.0 = Release|Any CPU
	EndGlobalSection
	GlobalSection(SolutionProperties) = preSolution
		HideSolutionNode = FALSE
	EndGlobalSection
	GlobalSection(ExtensibilityGlobals) = postSolution
		SolutionGuid = {0A942F4F-0C95-471E-8D19-D406E24D3272}
	EndGlobalSection
EndGlobal
